// !$*UTF8*$!
{
	archiveVersion = 1;
	classes = {
	};
	objectVersion = 50;
	objects = {

/* Begin PBXBuildFile section */
		05701C2627A3DABF00A77F5C /* AppDelegate.swift in Sources */ = {isa = PBXBuildFile; fileRef = 05701C2527A3DABF00A77F5C /* AppDelegate.swift */; };
		05701C2827A3DABF00A77F5C /* DocumentBrowserViewController.swift in Sources */ = {isa = PBXBuildFile; fileRef = 05701C2727A3DABF00A77F5C /* DocumentBrowserViewController.swift */; };
		05701C2C27A3DABF00A77F5C /* EmojiArtDocument.swift in Sources */ = {isa = PBXBuildFile; fileRef = 05701C2B27A3DABF00A77F5C /* EmojiArtDocument.swift */; };
		05701C2F27A3DABF00A77F5C /* Main.storyboard in Resources */ = {isa = PBXBuildFile; fileRef = 05701C2D27A3DABF00A77F5C /* Main.storyboard */; };
		05701C3127A3DAC300A77F5C /* Assets.xcassets in Resources */ = {isa = PBXBuildFile; fileRef = 05701C3027A3DAC300A77F5C /* Assets.xcassets */; };
		05701C3427A3DAC300A77F5C /* LaunchScreen.storyboard in Resources */ = {isa = PBXBuildFile; fileRef = 05701C3227A3DAC300A77F5C /* LaunchScreen.storyboard */; };
		05701C5F27A3E2A800A77F5C /* EmojiArtViewController.swift in Sources */ = {isa = PBXBuildFile; fileRef = 05701C5827A3E2A800A77F5C /* EmojiArtViewController.swift */; };
		05701C6027A3E2A800A77F5C /* EmojiCollectionViewCell.swift in Sources */ = {isa = PBXBuildFile; fileRef = 05701C5927A3E2A800A77F5C /* EmojiCollectionViewCell.swift */; };
		05701C6127A3E2A800A77F5C /* EmojiArtView+Gestures.swift in Sources */ = {isa = PBXBuildFile; fileRef = 05701C5A27A3E2A800A77F5C /* EmojiArtView+Gestures.swift */; };
		05701C6227A3E2A800A77F5C /* TextFieldCollectionViewCell.swift in Sources */ = {isa = PBXBuildFile; fileRef = 05701C5B27A3E2A800A77F5C /* TextFieldCollectionViewCell.swift */; };
		05701C6327A3E2A800A77F5C /* EmojiArt.swift in Sources */ = {isa = PBXBuildFile; fileRef = 05701C5C27A3E2A800A77F5C /* EmojiArt.swift */; };
		05701C6427A3E2A800A77F5C /* Utilities.swift in Sources */ = {isa = PBXBuildFile; fileRef = 05701C5D27A3E2A800A77F5C /* Utilities.swift */; };
		05701C6527A3E2A800A77F5C /* EmojiArtView.swift in Sources */ = {isa = PBXBuildFile; fileRef = 05701C5E27A3E2A800A77F5C /* EmojiArtView.swift */; };
/* End PBXBuildFile section */

/* Begin PBXFileReference section */
		05701C2227A3DABF00A77F5C /* EmojiArt.app */ = {isa = PBXFileReference; explicitFileType = wrapper.application; includeInIndex = 0; path = EmojiArt.app; sourceTree = BUILT_PRODUCTS_DIR; };
		05701C2527A3DABF00A77F5C /* AppDelegate.swift */ = {isa = PBXFileReference; lastKnownFileType = sourcecode.swift; path = AppDelegate.swift; sourceTree = "<group>"; };
		05701C2727A3DABF00A77F5C /* DocumentBrowserViewController.swift */ = {isa = PBXFileReference; lastKnownFileType = sourcecode.swift; path = DocumentBrowserViewController.swift; sourceTree = "<group>"; };
		05701C2B27A3DABF00A77F5C /* EmojiArtDocument.swift */ = {isa = PBXFileReference; lastKnownFileType = sourcecode.swift; path = EmojiArtDocument.swift; sourceTree = "<group>"; };
		05701C2E27A3DABF00A77F5C /* Base */ = {isa = PBXFileReference; lastKnownFileType = file.storyboard; name = Base; path = Base.lproj/Main.storyboard; sourceTree = "<group>"; };
		05701C3027A3DAC300A77F5C /* Assets.xcassets */ = {isa = PBXFileReference; lastKnownFileType = folder.assetcatalog; path = Assets.xcassets; sourceTree = "<group>"; };
		05701C3327A3DAC300A77F5C /* Base */ = {isa = PBXFileReference; lastKnownFileType = file.storyboard; name = Base; path = Base.lproj/LaunchScreen.storyboard; sourceTree = "<group>"; };
		05701C3527A3DAC300A77F5C /* Info.plist */ = {isa = PBXFileReference; lastKnownFileType = text.plist.xml; path = Info.plist; sourceTree = "<group>"; };
		05701C5827A3E2A800A77F5C /* EmojiArtViewController.swift */ = {isa = PBXFileReference; fileEncoding = 4; lastKnownFileType = sourcecode.swift; path = EmojiArtViewController.swift; sourceTree = "<group>"; };
		05701C5927A3E2A800A77F5C /* EmojiCollectionViewCell.swift */ = {isa = PBXFileReference; fileEncoding = 4; lastKnownFileType = sourcecode.swift; path = EmojiCollectionViewCell.swift; sourceTree = "<group>"; };
		05701C5A27A3E2A800A77F5C /* EmojiArtView+Gestures.swift */ = {isa = PBXFileReference; fileEncoding = 4; lastKnownFileType = sourcecode.swift; path = "EmojiArtView+Gestures.swift"; sourceTree = "<group>"; };
		05701C5B27A3E2A800A77F5C /* TextFieldCollectionViewCell.swift */ = {isa = PBXFileReference; fileEncoding = 4; lastKnownFileType = sourcecode.swift; path = TextFieldCollectionViewCell.swift; sourceTree = "<group>"; };
		05701C5C27A3E2A800A77F5C /* EmojiArt.swift */ = {isa = PBXFileReference; fileEncoding = 4; lastKnownFileType = sourcecode.swift; path = EmojiArt.swift; sourceTree = "<group>"; };
		05701C5D27A3E2A800A77F5C /* Utilities.swift */ = {isa = PBXFileReference; fileEncoding = 4; lastKnownFileType = sourcecode.swift; path = Utilities.swift; sourceTree = "<group>"; };
		05701C5E27A3E2A800A77F5C /* EmojiArtView.swift */ = {isa = PBXFileReference; fileEncoding = 4; lastKnownFileType = sourcecode.swift; path = EmojiArtView.swift; sourceTree = "<group>"; };
/* End PBXFileReference section */

/* Begin PBXFrameworksBuildPhase section */
		05701C1F27A3DABE00A77F5C /* Frameworks */ = {
			isa = PBXFrameworksBuildPhase;
			buildActionMask = 2147483647;
			files = (
			);
			runOnlyForDeploymentPostprocessing = 0;
		};
/* End PBXFrameworksBuildPhase section */

/* Begin PBXGroup section */
		05701C1927A3DABE00A77F5C = {
			isa = PBXGroup;
			children = (
				05701C2427A3DABF00A77F5C /* EmojiArt */,
				05701C2327A3DABF00A77F5C /* Products */,
			);
			sourceTree = "<group>";
		};
		05701C2327A3DABF00A77F5C /* Products */ = {
			isa = PBXGroup;
			children = (
				05701C2227A3DABF00A77F5C /* EmojiArt.app */,
			);
			name = Products;
			sourceTree = "<group>";
		};
		05701C2427A3DABF00A77F5C /* EmojiArt */ = {
			isa = PBXGroup;
			children = (
				05701C2727A3DABF00A77F5C /* DocumentBrowserViewController.swift */,
				05701C2B27A3DABF00A77F5C /* EmojiArtDocument.swift */,
				05701C2D27A3DABF00A77F5C /* Main.storyboard */,
				05701C5827A3E2A800A77F5C /* EmojiArtViewController.swift */,
				05701C5C27A3E2A800A77F5C /* EmojiArt.swift */,
				05701C5E27A3E2A800A77F5C /* EmojiArtView.swift */,
				05701C5927A3E2A800A77F5C /* EmojiCollectionViewCell.swift */,
				05701C5B27A3E2A800A77F5C /* TextFieldCollectionViewCell.swift */,
				05701C5A27A3E2A800A77F5C /* EmojiArtView+Gestures.swift */,
				05701C5D27A3E2A800A77F5C /* Utilities.swift */,
				05701C3B27A3DAFB00A77F5C /* SupportingFiles */,
				05701C3527A3DAC300A77F5C /* Info.plist */,
			);
			path = EmojiArt;
			sourceTree = "<group>";
		};
		05701C3B27A3DAFB00A77F5C /* SupportingFiles */ = {
			isa = PBXGroup;
			children = (
				05701C2527A3DABF00A77F5C /* AppDelegate.swift */,
				05701C3027A3DAC300A77F5C /* Assets.xcassets */,
				05701C3227A3DAC300A77F5C /* LaunchScreen.storyboard */,
			);
			path = SupportingFiles;
			sourceTree = "<group>";
		};
/* End PBXGroup section */

/* Begin PBXNativeTarget section */
		05701C2127A3DABE00A77F5C /* EmojiArt */ = {
			isa = PBXNativeTarget;
			buildConfigurationList = 05701C3827A3DAC300A77F5C /* Build configuration list for PBXNativeTarget "EmojiArt" */;
			buildPhases = (
				05701C1E27A3DABE00A77F5C /* Sources */,
				05701C1F27A3DABE00A77F5C /* Frameworks */,
				05701C2027A3DABE00A77F5C /* Resources */,
			);
			buildRules = (
			);
			dependencies = (
			);
			name = EmojiArt;
			productName = EmojiArt;
			productReference = 05701C2227A3DABF00A77F5C /* EmojiArt.app */;
			productType = "com.apple.product-type.application";
		};
/* End PBXNativeTarget section */

/* Begin PBXProject section */
		05701C1A27A3DABE00A77F5C /* Project object */ = {
			isa = PBXProject;
			attributes = {
				LastSwiftUpdateCheck = 1250;
				LastUpgradeCheck = 1250;
				TargetAttributes = {
					05701C2127A3DABE00A77F5C = {
						CreatedOnToolsVersion = 12.5;
					};
				};
			};
			buildConfigurationList = 05701C1D27A3DABE00A77F5C /* Build configuration list for PBXProject "EmojiArt" */;
			compatibilityVersion = "Xcode 9.3";
			developmentRegion = en;
			hasScannedForEncodings = 0;
			knownRegions = (
				en,
				Base,
			);
			mainGroup = 05701C1927A3DABE00A77F5C;
			productRefGroup = 05701C2327A3DABF00A77F5C /* Products */;
			projectDirPath = "";
			projectRoot = "";
			targets = (
				05701C2127A3DABE00A77F5C /* EmojiArt */,
			);
		};
/* End PBXProject section */

/* Begin PBXResourcesBuildPhase section */
		05701C2027A3DABE00A77F5C /* Resources */ = {
			isa = PBXResourcesBuildPhase;
			buildActionMask = 2147483647;
			files = (
				05701C3427A3DAC300A77F5C /* LaunchScreen.storyboard in Resources */,
				05701C3127A3DAC300A77F5C /* Assets.xcassets in Resources */,
				05701C2F27A3DABF00A77F5C /* Main.storyboard in Resources */,
			);
			runOnlyForDeploymentPostprocessing = 0;
		};
/* End PBXResourcesBuildPhase section */

/* Begin PBXSourcesBuildPhase section */
		05701C1E27A3DABE00A77F5C /* Sources */ = {
			isa = PBXSourcesBuildPhase;
			buildActionMask = 2147483647;
			files = (
				05701C2C27A3DABF00A77F5C /* EmojiArtDocument.swift in Sources */,
				05701C6527A3E2A800A77F5C /* EmojiArtView.swift in Sources */,
				05701C6227A3E2A800A77F5C /* TextFieldCollectionViewCell.swift in Sources */,
				05701C5F27A3E2A800A77F5C /* EmojiArtViewController.swift in Sources */,
				05701C6027A3E2A800A77F5C /* EmojiCollectionViewCell.swift in Sources */,
				05701C6327A3E2A800A77F5C /* EmojiArt.swift in Sources */,
				05701C2827A3DABF00A77F5C /* DocumentBrowserViewController.swift in Sources */,
				05701C6427A3E2A800A77F5C /* Utilities.swift in Sources */,
				05701C2627A3DABF00A77F5C /* AppDelegate.swift in Sources */,
				05701C6127A3E2A800A77F5C /* EmojiArtView+Gestures.swift in Sources */,
			);
			runOnlyForDeploymentPostprocessing = 0;
		};
/* End PBXSourcesBuildPhase section */

/* Begin PBXVariantGroup section */
		05701C2D27A3DABF00A77F5C /* Main.storyboard */ = {
			isa = PBXVariantGroup;
			children = (
				05701C2E27A3DABF00A77F5C /* Base */,
			);
			name = Main.storyboard;
			sourceTree = "<group>";
		};
		05701C3227A3DAC300A77F5C /* LaunchScreen.storyboard */ = {
			isa = PBXVariantGroup;
			children = (
				05701C3327A3DAC300A77F5C /* Base */,
			);
			name = LaunchScreen.storyboard;
			sourceTree = "<group>";
		};
/* End PBXVariantGroup section */

/* Begin XCBuildConfiguration section */
		05701C3627A3DAC300A77F5C /* Debug */ = {
			isa = XCBuildConfiguration;
			buildSettings = {
				ALWAYS_SEARCH_USER_PATHS = NO;
				CLANG_ANALYZER_NONNULL = YES;
				CLANG_ANALYZER_NUMBER_OBJECT_CONVERSION = YES_AGGRESSIVE;
				CLANG_CXX_LANGUAGE_STANDARD = "gnu++14";
				CLANG_CXX_LIBRARY = "libc++";
				CLANG_ENABLE_MODULES = YES;
				CLANG_ENABLE_OBJC_ARC = YES;
				CLANG_ENABLE_OBJC_WEAK = YES;
				CLANG_WARN_BLOCK_CAPTURE_AUTORELEASING = YES;
				CLANG_WARN_BOOL_CONVERSION = YES;
				CLANG_WARN_COMMA = YES;
				CLANG_WARN_CONSTANT_CONVERSION = YES;
				CLANG_WARN_DEPRECATED_OBJC_IMPLEMENTATIONS = YES;
				CLANG_WARN_DIRECT_OBJC_ISA_USAGE = YES_ERROR;
				CLANG_WARN_DOCUMENTATION_COMMENTS = YES;
				CLANG_WARN_EMPTY_BODY = YES;
				CLANG_WARN_ENUM_CONVERSION = YES;
				CLANG_WARN_INFINITE_RECURSION = YES;
				CLANG_WARN_INT_CONVERSION = YES;
				CLANG_WARN_NON_LITERAL_NULL_CONVERSION = YES;
				CLANG_WARN_OBJC_IMPLICIT_RETAIN_SELF = YES;
				CLANG_WARN_OBJC_LITERAL_CONVERSION = YES;
				CLANG_WARN_OBJC_ROOT_CLASS = YES_ERROR;
				CLANG_WARN_QUOTED_INCLUDE_IN_FRAMEWORK_HEADER = YES;
				CLANG_WARN_RANGE_LOOP_ANALYSIS = YES;
				CLANG_WARN_STRICT_PROTOTYPES = YES;
				CLANG_WARN_SUSPICIOUS_MOVE = YES;
				CLANG_WARN_UNGUARDED_AVAILABILITY = YES_AGGRESSIVE;
				CLANG_WARN_UNREACHABLE_CODE = YES;
				CLANG_WARN__DUPLICATE_METHOD_MATCH = YES;
				COPY_PHASE_STRIP = NO;
				DEBUG_INFORMATION_FORMAT = dwarf;
				ENABLE_STRICT_OBJC_MSGSEND = YES;
				ENABLE_TESTABILITY = YES;
				GCC_C_LANGUAGE_STANDARD = gnu11;
				GCC_DYNAMIC_NO_PIC = NO;
				GCC_NO_COMMON_BLOCKS = YES;
				GCC_OPTIMIZATION_LEVEL = 0;
				GCC_PREPROCESSOR_DEFINITIONS = (
					"DEBUG=1",
					"$(inherited)",
				);
				GCC_WARN_64_TO_32_BIT_CONVERSION = YES;
				GCC_WARN_ABOUT_RETURN_TYPE = YES_ERROR;
				GCC_WARN_UNDECLARED_SELECTOR = YES;
				GCC_WARN_UNINITIALIZED_AUTOS = YES_AGGRESSIVE;
				GCC_WARN_UNUSED_FUNCTION = YES;
				GCC_WARN_UNUSED_VARIABLE = YES;
				IPHONEOS_DEPLOYMENT_TARGET = 11.0;
				MTL_ENABLE_DEBUG_INFO = INCLUDE_SOURCE;
				MTL_FAST_MATH = YES;
				ONLY_ACTIVE_ARCH = YES;
				SDKROOT = iphoneos;
				SWIFT_ACTIVE_COMPILATION_CONDITIONS = DEBUG;
				SWIFT_OPTIMIZATION_LEVEL = "-Onone";
			};
			name = Debug;
		};
		05701C3727A3DAC300A77F5C /* Release */ = {
			isa = XCBuildConfiguration;
			buildSettings = {
				ALWAYS_SEARCH_USER_PATHS = NO;
				CLANG_ANALYZER_NONNULL = YES;
				CLANG_ANALYZER_NUMBER_OBJECT_CONVERSION = YES_AGGRESSIVE;
				CLANG_CXX_LANGUAGE_STANDARD = "gnu++14";
				CLANG_CXX_LIBRARY = "libc++";
				CLANG_ENABLE_MODULES = YES;
				CLANG_ENABLE_OBJC_ARC = YES;
				CLANG_ENABLE_OBJC_WEAK = YES;
				CLANG_WARN_BLOCK_CAPTURE_AUTORELEASING = YES;
				CLANG_WARN_BOOL_CONVERSION = YES;
				CLANG_WARN_COMMA = YES;
				CLANG_WARN_CONSTANT_CONVERSION = YES;
				CLANG_WARN_DEPRECATED_OBJC_IMPLEMENTATIONS = YES;
				CLANG_WARN_DIRECT_OBJC_ISA_USAGE = YES_ERROR;
				CLANG_WARN_DOCUMENTATION_COMMENTS = YES;
				CLANG_WARN_EMPTY_BODY = YES;
				CLANG_WARN_ENUM_CONVERSION = YES;
				CLANG_WARN_INFINITE_RECURSION = YES;
				CLANG_WARN_INT_CONVERSION = YES;
				CLANG_WARN_NON_LITERAL_NULL_CONVERSION = YES;
				CLANG_WARN_OBJC_IMPLICIT_RETAIN_SELF = YES;
				CLANG_WARN_OBJC_LITERAL_CONVERSION = YES;
				CLANG_WARN_OBJC_ROOT_CLASS = YES_ERROR;
				CLANG_WARN_QUOTED_INCLUDE_IN_FRAMEWORK_HEADER = YES;
				CLANG_WARN_RANGE_LOOP_ANALYSIS = YES;
				CLANG_WARN_STRICT_PROTOTYPES = YES;
				CLANG_WARN_SUSPICIOUS_MOVE = YES;
				CLANG_WARN_UNGUARDED_AVAILABILITY = YES_AGGRESSIVE;
				CLANG_WARN_UNREACHABLE_CODE = YES;
				CLANG_WARN__DUPLICATE_METHOD_MATCH = YES;
				COPY_PHASE_STRIP = NO;
				DEBUG_INFORMATION_FORMAT = "dwarf-with-dsym";
				ENABLE_NS_ASSERTIONS = NO;
				ENABLE_STRICT_OBJC_MSGSEND = YES;
				GCC_C_LANGUAGE_STANDARD = gnu11;
				GCC_NO_COMMON_BLOCKS = YES;
				GCC_WARN_64_TO_32_BIT_CONVERSION = YES;
				GCC_WARN_ABOUT_RETURN_TYPE = YES_ERROR;
				GCC_WARN_UNDECLARED_SELECTOR = YES;
				GCC_WARN_UNINITIALIZED_AUTOS = YES_AGGRESSIVE;
				GCC_WARN_UNUSED_FUNCTION = YES;
				GCC_WARN_UNUSED_VARIABLE = YES;
				IPHONEOS_DEPLOYMENT_TARGET = 11.0;
				MTL_ENABLE_DEBUG_INFO = NO;
				MTL_FAST_MATH = YES;
				SDKROOT = iphoneos;
				SWIFT_COMPILATION_MODE = wholemodule;
				SWIFT_OPTIMIZATION_LEVEL = "-O";
				VALIDATE_PRODUCT = YES;
			};
			name = Release;
		};
		05701C3927A3DAC300A77F5C /* Debug */ = {
			isa = XCBuildConfiguration;
			buildSettings = {
				ASSETCATALOG_COMPILER_APPICON_NAME = AppIcon;
				ASSETCATALOG_COMPILER_GLOBAL_ACCENT_COLOR_NAME = AccentColor;
				CODE_SIGN_STYLE = Automatic;
				INFOPLIST_FILE = EmojiArt/Info.plist;
				IPHONEOS_DEPLOYMENT_TARGET = 11.0;
				LD_RUNPATH_SEARCH_PATHS = (
					"$(inherited)",
					"@executable_path/Frameworks",
				);
				PRODUCT_BUNDLE_IDENTIFIER = edu.stanford.cs193p.EmojiArt;
				PRODUCT_NAME = "$(TARGET_NAME)";
				SWIFT_VERSION = 5.0;
				TARGETED_DEVICE_FAMILY = "1,2";
			};
			name = Debug;
		};
		05701C3A27A3DAC300A77F5C /* Release */ = {
			isa = XCBuildConfiguration;
			buildSettings = {
				ASSETCATALOG_COMPILER_APPICON_NAME = AppIcon;
				ASSETCATALOG_COMPILER_GLOBAL_ACCENT_COLOR_NAME = AccentColor;
				CODE_SIGN_STYLE = Automatic;
				INFOPLIST_FILE = EmojiArt/Info.plist;
				IPHONEOS_DEPLOYMENT_TARGET = 11.0;
				LD_RUNPATH_SEARCH_PATHS = (
					"$(inherited)",
					"@executable_path/Frameworks",
				);
				PRODUCT_BUNDLE_IDENTIFIER = edu.stanford.cs193p.EmojiArt;
				PRODUCT_NAME = "$(TARGET_NAME)";
				SWIFT_VERSION = 5.0;
				TARGETED_DEVICE_FAMILY = "1,2";
			};
			name = Release;
		};
/* End XCBuildConfiguration section */

/* Begin XCConfigurationList section */
		05701C1D27A3DABE00A77F5C /* Build configuration list for PBXProject "EmojiArt" */ = {
			isa = XCConfigurationList;
			buildConfigurations = (
				05701C3627A3DAC300A77F5C /* Debug */,
				05701C3727A3DAC300A77F5C /* Release */,
			);
			defaultConfigurationIsVisible = 0;
			defaultConfigurationName = Release;
		};
		05701C3827A3DAC300A77F5C /* Build configuration list for PBXNativeTarget "EmojiArt" */ = {
			isa = XCConfigurationList;
			buildConfigurations = (
				05701C3927A3DAC300A77F5C /* Debug */,
				05701C3A27A3DAC300A77F5C /* Release */,
			);
			defaultConfigurationIsVisible = 0;
			defaultConfigurationName = Release;
		};
/* End XCConfigurationList section */
	};
	rootObject = 05701C1A27A3DABE00A77F5C /* Project object */;
}
